inspected_at = "2026-08-26"

[trueos]
repository = "t4ce/TRUEOS"
branch = "true"
commit = "ad8515e27c6228eeaba31cce22a119f699471d09"

[blueprints]
repository = "t4ce/TRUEOS-Blueprints"
branch = "main"
commit = "17f8546fce78661cbc8a701c205a115838e69a42"

[strudel_core]
package = "@strudel/core"
version = "1.2.6"
license = "AGPL-3.0-or-later"
source_repository = "https://codeberg.org/uzu/strudel"

[fraction_js]
package = "fraction.js"
version = "5.2.1"
license = "MIT"

[kabelsalat_web]
package = "@kabelsalat/web"
published_dependency_version = "^0.4.1"
note = "Not intentionally imported by tools/strudel-entry.mjs, which targets pattern.mjs directly."
