# This file is automatically @generated by Cargo.
# It is not intended for manual editing.
version = 4

[[package]]
name = "hello_world_app"
version = "0.1.0"
dependencies = [
 "trueos",
]

[[package]]
name = "trueos"
version = "0.1.0"
dependencies = [
 "trueos-sys",
]

[[package]]
name = "trueos-sys"
version = "0.1.0"
